
Microsoft Visual Studio Solution File, Format Version 12.00
# Visual Studio Version 17
VisualStudioVersion = 17.8.34525.116
MinimumVisualStudioVersion = 10.0.40219.1
Project("{FAE04EC0-301F-11D3-BF4B-00C04F79EFBC}") = "DescuentosWeb", "DescuentosWeb\DescuentosWeb.csproj", "{4EFBFD4E-B56B-4FEE-AECF-E1BCCF8CB69B}"
EndProject
Global
	GlobalSection(SolutionConfigurationPlatforms) = preSolution
		Debug|Any CPU = Debug|Any CPU
		Release|Any CPU = Release|Any CPU
	EndGlobalSection
	GlobalSection(ProjectConfigurationPlatforms) = postSolution
		{4EFBFD4E-B56B-4FEE-AECF-E1BCCF8CB69B}.Debug|Any CPU.ActiveCfg = Debug|Any CPU
		{4EFBFD4E-B56B-4FEE-AECF-E1BCCF8CB69B}.Debug|Any CPU.Build.0 = Debug|Any CPU
		{4EFBFD4E-B56B-4FEE-AECF-E1BCCF8CB69B}.Release|Any CPU.ActiveCfg = Release|Any CPU
		{4EFBFD4E-B56B-4FEE-AECF-E1BCCF8CB69B}.Release|Any CPU.Build.0 = Release|Any CPU
	EndGlobalSection
	GlobalSection(SolutionProperties) = preSolution
		HideSolutionNode = FALSE
	EndGlobalSection
	GlobalSection(ExtensibilityGlobals) = postSolution
		SolutionGuid = {40CB97C0-F9B0-455D-A26E-28B6043BDD46}
	EndGlobalSection
EndGlobal
